Microsoft Visual Studio Solution File, Format Version 12.00
# Visual Studio Version 17
VisualStudioVersion = 17.5.2.0
MinimumVisualStudioVersion = 10.0.40219.1
Project("{FAE04EC0-301F-11D3-BF4B-00C04F79EFBC}") = "Objetos de Negocio", "Objetos de Negocio\Objetos de Negocio.csproj", "{E0C9DC74-E742-278F-1B0E-A4B646063FF4}"
EndProject
Global
	GlobalSection(SolutionConfigurationPlatforms) = preSolution
		Debug|Any CPU = Debug|Any CPU
		Release|Any CPU = Release|Any CPU
	EndGlobalSection
	GlobalSection(ProjectConfigurationPlatforms) = postSolution
		{E0C9DC74-E742-278F-1B0E-A4B646063FF4}.Debug|Any CPU.ActiveCfg = Debug|Any CPU
		{E0C9DC74-E742-278F-1B0E-A4B646063FF4}.Debug|Any CPU.Build.0 = Debug|Any CPU
		{E0C9DC74-E742-278F-1B0E-A4B646063FF4}.Release|Any CPU.ActiveCfg = Release|Any CPU
		{E0C9DC74-E742-278F-1B0E-A4B646063FF4}.Release|Any CPU.Build.0 = Release|Any CPU
	EndGlobalSection
	GlobalSection(SolutionProperties) = preSolution
		HideSolutionNode = FALSE
	EndGlobalSection
	GlobalSection(ExtensibilityGlobals) = postSolution
		SolutionGuid = {4CF3CC4C-CB04-4FF9-8CFA-98FBD0E1DC48}
	EndGlobalSection
EndGlobal
